
Microsoft Visual Studio Solution File, Format Version 12.00
# Visual Studio 2012
Project("{FAE04EC0-301F-11D3-BF4B-00C04F79EFBC}") = "Administration", "Specialiseringsopgave 2014 Danny\Administration.csproj", "{093191ED-BAB3-4E75-BFA5-3EE7FD9A46CD}"
EndProject
Project("{FAE04EC0-301F-11D3-BF4B-00C04F79EFBC}") = "ClassLibrary", "ClassLibrary\ClassLibrary.csproj", "{8DA2C5E1-97A8-431B-9854-FA426E517AC0}"
EndProject
Project("{FAE04EC0-301F-11D3-BF4B-00C04F79EFBC}") = "CostumerWebpage", "CostumerWebpage\CostumerWebpage.csproj", "{D732E465-3118-4042-A2C7-A8CA10B0CD68}"
EndProject
Project("{FAE04EC0-301F-11D3-BF4B-00C04F79EFBC}") = "LinqConsoleApplication", "LinqConsoleApplication\LinqConsoleApplication.csproj", "{C53DDB35-AE08-4A8E-972B-A5FEAB9CE357}"
EndProject
Global
	GlobalSection(SolutionConfigurationPlatforms) = preSolution
		Debug|Any CPU = Debug|Any CPU
		Release|Any CPU = Release|Any CPU
	EndGlobalSection
	GlobalSection(ProjectConfigurationPlatforms) = postSolution
		{093191ED-BAB3-4E75-BFA5-3EE7FD9A46CD}.Debug|Any CPU.ActiveCfg = Debug|Any CPU
		{093191ED-BAB3-4E75-BFA5-3EE7FD9A46CD}.Debug|Any CPU.Build.0 = Debug|Any CPU
		{093191ED-BAB3-4E75-BFA5-3EE7FD9A46CD}.Release|Any CPU.ActiveCfg = Release|Any CPU
		{093191ED-BAB3-4E75-BFA5-3EE7FD9A46CD}.Release|Any CPU.Build.0 = Release|Any CPU
		{8DA2C5E1-97A8-431B-9854-FA426E517AC0}.Debug|Any CPU.ActiveCfg = Debug|Any CPU
		{8DA2C5E1-97A8-431B-9854-FA426E517AC0}.Debug|Any CPU.Build.0 = Debug|Any CPU
		{8DA2C5E1-97A8-431B-9854-FA426E517AC0}.Release|Any CPU.ActiveCfg = Release|Any CPU
		{8DA2C5E1-97A8-431B-9854-FA426E517AC0}.Release|Any CPU.Build.0 = Release|Any CPU
		{D732E465-3118-4042-A2C7-A8CA10B0CD68}.Debug|Any CPU.ActiveCfg = Debug|Any CPU
		{D732E465-3118-4042-A2C7-A8CA10B0CD68}.Debug|Any CPU.Build.0 = Debug|Any CPU
		{D732E465-3118-4042-A2C7-A8CA10B0CD68}.Release|Any CPU.ActiveCfg = Release|Any CPU
		{D732E465-3118-4042-A2C7-A8CA10B0CD68}.Release|Any CPU.Build.0 = Release|Any CPU
		{C53DDB35-AE08-4A8E-972B-A5FEAB9CE357}.Debug|Any CPU.ActiveCfg = Debug|Any CPU
		{C53DDB35-AE08-4A8E-972B-A5FEAB9CE357}.Debug|Any CPU.Build.0 = Debug|Any CPU
		{C53DDB35-AE08-4A8E-972B-A5FEAB9CE357}.Release|Any CPU.ActiveCfg = Release|Any CPU
		{C53DDB35-AE08-4A8E-972B-A5FEAB9CE357}.Release|Any CPU.Build.0 = Release|Any CPU
	EndGlobalSection
	GlobalSection(SolutionProperties) = preSolution
		HideSolutionNode = FALSE
	EndGlobalSection
EndGlobal
